
Microsoft Visual Studio Solution File, Format Version 12.00
# Visual Studio Version 17
VisualStudioVersion = 17.11.35312.102
MinimumVisualStudioVersion = 10.0.40219.1
Project("{FAE04EC0-301F-11D3-BF4B-00C04F79EFBC}") = "Movies.TwilightSaw", "Movies.TwilightSaw.csproj", "{7BA2D588-0F5F-4BCA-AECC-F9A38DFB6FE7}"
EndProject
Global
	GlobalSection(SolutionConfigurationPlatforms) = preSolution
		Debug|Any CPU = Debug|Any CPU
		Release|Any CPU = Release|Any CPU
	EndGlobalSection
	GlobalSection(ProjectConfigurationPlatforms) = postSolution
		{7BA2D588-0F5F-4BCA-AECC-F9A38DFB6FE7}.Debug|Any CPU.ActiveCfg = Debug|Any CPU
		{7BA2D588-0F5F-4BCA-AECC-F9A38DFB6FE7}.Debug|Any CPU.Build.0 = Debug|Any CPU
		{7BA2D588-0F5F-4BCA-AECC-F9A38DFB6FE7}.Release|Any CPU.ActiveCfg = Release|Any CPU
		{7BA2D588-0F5F-4BCA-AECC-F9A38DFB6FE7}.Release|Any CPU.Build.0 = Release|Any CPU
	EndGlobalSection
	GlobalSection(SolutionProperties) = preSolution
		HideSolutionNode = FALSE
	EndGlobalSection
	GlobalSection(ExtensibilityGlobals) = postSolution
		SolutionGuid = {76328C4F-EDEA-4374-9909-4A0C89229B61}
	EndGlobalSection
EndGlobal
